{
  "name": "machinebaseai",
  "version": "1.0.0",
  "lockfileVersion": 3,
  "requires": true,
  "packages": {
    "": {
      "name": "machinebaseai",
      "version": "1.0.0",
      "license": "ISC",
      "dependencies": {
        "graphify": "^1.0.0"
      }
    },
    "node_modules/graphify": {
      "version": "1.0.0",
      "resolved": "https://registry.npmjs.org/graphify/-/graphify-1.0.0.tgz",
      "integrity": "sha512-3jJK8doNVNJeYCOXXHkcQfwNPP9MEox4PWHblCwSbL9+9pyrf+3nP2XKnQOW89H7ym4acLxQwaktDlveVLGWAA==",
      "license": "Apache-2.0"
    }
  }
}
